
Microsoft Visual Studio Solution File, Format Version 12.00
# Visual Studio Version 17
VisualStudioVersion = 17.2.32630.192
MinimumVisualStudioVersion = 10.0.40219.1
Project("{FAE04EC0-301F-11D3-BF4B-00C04F79EFBC}") = "admission-task", "admission-task\admission-task.csproj", "{B2A6DCBC-2F06-4EF6-B645-28C6DD72D3D8}"
EndProject
Global
	GlobalSection(SolutionConfigurationPlatforms) = preSolution
		Debug|Any CPU = Debug|Any CPU
		Release|Any CPU = Release|Any CPU
	EndGlobalSection
	GlobalSection(ProjectConfigurationPlatforms) = postSolution
		{B2A6DCBC-2F06-4EF6-B645-28C6DD72D3D8}.Debug|Any CPU.ActiveCfg = Debug|Any CPU
		{B2A6DCBC-2F06-4EF6-B645-28C6DD72D3D8}.Debug|Any CPU.Build.0 = Debug|Any CPU
		{B2A6DCBC-2F06-4EF6-B645-28C6DD72D3D8}.Release|Any CPU.ActiveCfg = Release|Any CPU
		{B2A6DCBC-2F06-4EF6-B645-28C6DD72D3D8}.Release|Any CPU.Build.0 = Release|Any CPU
	EndGlobalSection
	GlobalSection(SolutionProperties) = preSolution
		HideSolutionNode = FALSE
	EndGlobalSection
	GlobalSection(ExtensibilityGlobals) = postSolution
		SolutionGuid = {29658678-9685-44B9-A623-6E0FE9436B84}
	EndGlobalSection
EndGlobal
